
Microsoft Visual Studio Solution File, Format Version 12.00
# Visual Studio Version 17
VisualStudioVersion = 17.10.34916.146
MinimumVisualStudioVersion = 10.0.40219.1
Project("{FAE04EC0-301F-11D3-BF4B-00C04F79EFBC}") = "MarcasAutosApi", "MarcasAutosApi\MarcasAutosApi.csproj", "{8DC45520-9330-4AA7-9038-6931C620A5A2}"
EndProject
Global
	GlobalSection(SolutionConfigurationPlatforms) = preSolution
		Debug|Any CPU = Debug|Any CPU
		Release|Any CPU = Release|Any CPU
	EndGlobalSection
	GlobalSection(ProjectConfigurationPlatforms) = postSolution
		{8DC45520-9330-4AA7-9038-6931C620A5A2}.Debug|Any CPU.ActiveCfg = Debug|Any CPU
		{8DC45520-9330-4AA7-9038-6931C620A5A2}.Debug|Any CPU.Build.0 = Debug|Any CPU
		{8DC45520-9330-4AA7-9038-6931C620A5A2}.Release|Any CPU.ActiveCfg = Release|Any CPU
		{8DC45520-9330-4AA7-9038-6931C620A5A2}.Release|Any CPU.Build.0 = Release|Any CPU
	EndGlobalSection
	GlobalSection(SolutionProperties) = preSolution
		HideSolutionNode = FALSE
	EndGlobalSection
	GlobalSection(ExtensibilityGlobals) = postSolution
		SolutionGuid = {5C13231D-626B-4451-8729-931D2C933B17}
	EndGlobalSection
EndGlobal
